
Microsoft Visual Studio Solution File, Format Version 12.00
# Visual Studio 14
VisualStudioVersion = 14.0.25123.0
MinimumVisualStudioVersion = 10.0.40219.1
Project("{FAE04EC0-301F-11D3-BF4B-00C04F79EFBC}") = "ByMe.Droid", "ByMe\ByMe.Droid\ByMe.Droid.csproj", "{9512B041-AE29-4A0E-BC6C-6CD4D032E205}"
EndProject
Project("{FAE04EC0-301F-11D3-BF4B-00C04F79EFBC}") = "ByMe.iOS", "ByMe\ByMe.iOS\ByMe.iOS.csproj", "{518729AC-8737-484F-A182-B15E0FDDF96B}"
EndProject
Project("{FAE04EC0-301F-11D3-BF4B-00C04F79EFBC}") = "ByMe", "ByMe\ByMe\ByMe.csproj", "{AC9EF88F-4007-4149-B6BA-1E76DCF6553E}"
EndProject
Global
	GlobalSection(SolutionConfigurationPlatforms) = preSolution
		Ad-Hoc|Any CPU = Ad-Hoc|Any CPU
		Ad-Hoc|iPhone = Ad-Hoc|iPhone
		Ad-Hoc|iPhoneSimulator = Ad-Hoc|iPhoneSimulator
		AppStore|Any CPU = AppStore|Any CPU
		AppStore|iPhone = AppStore|iPhone
		AppStore|iPhoneSimulator = AppStore|iPhoneSimulator
		Debug|Any CPU = Debug|Any CPU
		Debug|iPhone = Debug|iPhone
		Debug|iPhoneSimulator = Debug|iPhoneSimulator
		Release|Any CPU = Release|Any CPU
		Release|iPhone = Release|iPhone
		Release|iPhoneSimulator = Release|iPhoneSimulator
	EndGlobalSection
	GlobalSection(ProjectConfigurationPlatforms) = postSolution
		{9512B041-AE29-4A0E-BC6C-6CD4D032E205}.Ad-Hoc|Any CPU.ActiveCfg = Release|Any CPU
		{9512B041-AE29-4A0E-BC6C-6CD4D032E205}.Ad-Hoc|Any CPU.Build.0 = Release|Any CPU
		{9512B041-AE29-4A0E-BC6C-6CD4D032E205}.Ad-Hoc|Any CPU.Deploy.0 = Release|Any CPU
		{9512B041-AE29-4A0E-BC6C-6CD4D032E205}.Ad-Hoc|iPhone.ActiveCfg = Release|Any CPU
		{9512B041-AE29-4A0E-BC6C-6CD4D032E205}.Ad-Hoc|iPhone.Build.0 = Release|Any CPU
		{9512B041-AE29-4A0E-BC6C-6CD4D032E205}.Ad-Hoc|iPhone.Deploy.0 = Release|Any CPU
		{9512B041-AE29-4A0E-BC6C-6CD4D032E205}.Ad-Hoc|iPhoneSimulator.ActiveCfg = Release|Any CPU
		{9512B041-AE29-4A0E-BC6C-6CD4D032E205}.Ad-Hoc|iPhoneSimulator.Build.0 = Release|Any CPU
		{9512B041-AE29-4A0E-BC6C-6CD4D032E205}.Ad-Hoc|iPhoneSimulator.Deploy.0 = Release|Any CPU
		{9512B041-AE29-4A0E-BC6C-6CD4D032E205}.AppStore|Any CPU.ActiveCfg = Release|Any CPU
		{9512B041-AE29-4A0E-BC6C-6CD4D032E205}.AppStore|Any CPU.Build.0 = Release|Any CPU
		{9512B041-AE29-4A0E-BC6C-6CD4D032E205}.AppStore|Any CPU.Deploy.0 = Release|Any CPU
		{9512B041-AE29-4A0E-BC6C-6CD4D032E205}.AppStore|iPhone.ActiveCfg = Release|Any CPU
		{9512B041-AE29-4A0E-BC6C-6CD4D032E205}.AppStore|iPhone.Build.0 = Release|Any CPU
		{9512B041-AE29-4A0E-BC6C-6CD4D032E205}.AppStore|iPhone.Deploy.0 = Release|Any CPU
		{9512B041-AE29-4A0E-BC6C-6CD4D032E205}.AppStore|iPhoneSimulator.ActiveCfg = Release|Any CPU
		{9512B041-AE29-4A0E-BC6C-6CD4D032E205}.AppStore|iPhoneSimulator.Build.0 = Release|Any CPU
		{9512B041-AE29-4A0E-BC6C-6CD4D032E205}.AppStore|iPhoneSimulator.Deploy.0 = Release|Any CPU
		{9512B041-AE29-4A0E-BC6C-6CD4D032E205}.Debug|Any CPU.ActiveCfg = Debug|Any CPU
		{9512B041-AE29-4A0E-BC6C-6CD4D032E205}.Debug|Any CPU.Build.0 = Debug|Any CPU
		{9512B041-AE29-4A0E-BC6C-6CD4D032E205}.Debug|Any CPU.Deploy.0 = Debug|Any CPU
		{9512B041-AE29-4A0E-BC6C-6CD4D032E205}.Debug|iPhone.ActiveCfg = Debug|Any CPU
		{9512B041-AE29-4A0E-BC6C-6CD4D032E205}.Debug|iPhone.Build.0 = Debug|Any CPU
		{9512B041-AE29-4A0E-BC6C-6CD4D032E205}.Debug|iPhone.Deploy.0 = Debug|Any CPU
		{9512B041-AE29-4A0E-BC6C-6CD4D032E205}.Debug|iPhoneSimulator.ActiveCfg = Debug|Any CPU
		{9512B041-AE29-4A0E-BC6C-6CD4D032E205}.Debug|iPhoneSimulator.Build.0 = Debug|Any CPU
		{9512B041-AE29-4A0E-BC6C-6CD4D032E205}.Debug|iPhoneSimulator.Deploy.0 = Debug|Any CPU
		{9512B041-AE29-4A0E-BC6C-6CD4D032E205}.Release|Any CPU.ActiveCfg = Release|Any CPU
		{9512B041-AE29-4A0E-BC6C-6CD4D032E205}.Release|Any CPU.Build.0 = Release|Any CPU
		{9512B041-AE29-4A0E-BC6C-6CD4D032E205}.Release|Any CPU.Deploy.0 = Release|Any CPU
		{9512B041-AE29-4A0E-BC6C-6CD4D032E205}.Release|iPhone.ActiveCfg = Release|Any CPU
		{9512B041-AE29-4A0E-BC6C-6CD4D032E205}.Release|iPhone.Build.0 = Release|Any CPU
		{9512B041-AE29-4A0E-BC6C-6CD4D032E205}.Release|iPhone.Deploy.0 = Release|Any CPU
		{9512B041-AE29-4A0E-BC6C-6CD4D032E205}.Release|iPhoneSimulator.ActiveCfg = Release|Any CPU
		{9512B041-AE29-4A0E-BC6C-6CD4D032E205}.Release|iPhoneSimulator.Build.0 = Release|Any CPU
		{9512B041-AE29-4A0E-BC6C-6CD4D032E205}.Release|iPhoneSimulator.Deploy.0 = Release|Any CPU
		{518729AC-8737-484F-A182-B15E0FDDF96B}.Ad-Hoc|Any CPU.ActiveCfg = Ad-Hoc|iPhone
		{518729AC-8737-484F-A182-B15E0FDDF96B}.Ad-Hoc|iPhone.ActiveCfg = Ad-Hoc|iPhone
		{518729AC-8737-484F-A182-B15E0FDDF96B}.Ad-Hoc|iPhone.Build.0 = Ad-Hoc|iPhone
		{518729AC-8737-484F-A182-B15E0FDDF96B}.Ad-Hoc|iPhoneSimulator.ActiveCfg = Ad-Hoc|iPhoneSimulator
		{518729AC-8737-484F-A182-B15E0FDDF96B}.Ad-Hoc|iPhoneSimulator.Build.0 = Ad-Hoc|iPhoneSimulator
		{518729AC-8737-484F-A182-B15E0FDDF96B}.AppStore|Any CPU.ActiveCfg = AppStore|iPhone
		{518729AC-8737-484F-A182-B15E0FDDF96B}.AppStore|iPhone.ActiveCfg = AppStore|iPhone
		{518729AC-8737-484F-A182-B15E0FDDF96B}.AppStore|iPhone.Build.0 = AppStore|iPhone
		{518729AC-8737-484F-A182-B15E0FDDF96B}.AppStore|iPhoneSimulator.ActiveCfg = AppStore|iPhoneSimulator
		{518729AC-8737-484F-A182-B15E0FDDF96B}.AppStore|iPhoneSimulator.Build.0 = AppStore|iPhoneSimulator
		{518729AC-8737-484F-A182-B15E0FDDF96B}.Debug|Any CPU.ActiveCfg = Debug|iPhone
		{518729AC-8737-484F-A182-B15E0FDDF96B}.Debug|iPhone.ActiveCfg = Debug|iPhone
		{518729AC-8737-484F-A182-B15E0FDDF96B}.Debug|iPhone.Build.0 = Debug|iPhone
		{518729AC-8737-484F-A182-B15E0FDDF96B}.Debug|iPhoneSimulator.ActiveCfg = Debug|iPhoneSimulator
		{518729AC-8737-484F-A182-B15E0FDDF96B}.Debug|iPhoneSimulator.Build.0 = Debug|iPhoneSimulator
		{518729AC-8737-484F-A182-B15E0FDDF96B}.Release|Any CPU.ActiveCfg = Release|iPhone
		{518729AC-8737-484F-A182-B15E0FDDF96B}.Release|iPhone.ActiveCfg = Release|iPhone
		{518729AC-8737-484F-A182-B15E0FDDF96B}.Release|iPhone.Build.0 = Release|iPhone
		{518729AC-8737-484F-A182-B15E0FDDF96B}.Release|iPhoneSimulator.ActiveCfg = Release|iPhoneSimulator
		{518729AC-8737-484F-A182-B15E0FDDF96B}.Release|iPhoneSimulator.Build.0 = Release|iPhoneSimulator
		{AC9EF88F-4007-4149-B6BA-1E76DCF6553E}.Ad-Hoc|Any CPU.ActiveCfg = Release|Any CPU
		{AC9EF88F-4007-4149-B6BA-1E76DCF6553E}.Ad-Hoc|Any CPU.Build.0 = Release|Any CPU
		{AC9EF88F-4007-4149-B6BA-1E76DCF6553E}.Ad-Hoc|iPhone.ActiveCfg = Release|Any CPU
		{AC9EF88F-4007-4149-B6BA-1E76DCF6553E}.Ad-Hoc|iPhone.Build.0 = Release|Any CPU
		{AC9EF88F-4007-4149-B6BA-1E76DCF6553E}.Ad-Hoc|iPhoneSimulator.ActiveCfg = Release|Any CPU
		{AC9EF88F-4007-4149-B6BA-1E76DCF6553E}.Ad-Hoc|iPhoneSimulator.Build.0 = Release|Any CPU
		{AC9EF88F-4007-4149-B6BA-1E76DCF6553E}.AppStore|Any CPU.ActiveCfg = Release|Any CPU
		{AC9EF88F-4007-4149-B6BA-1E76DCF6553E}.AppStore|Any CPU.Build.0 = Release|Any CPU
		{AC9EF88F-4007-4149-B6BA-1E76DCF6553E}.AppStore|iPhone.ActiveCfg = Release|Any CPU
		{AC9EF88F-4007-4149-B6BA-1E76DCF6553E}.AppStore|iPhone.Build.0 = Release|Any CPU
		{AC9EF88F-4007-4149-B6BA-1E76DCF6553E}.AppStore|iPhoneSimulator.ActiveCfg = Release|Any CPU
		{AC9EF88F-4007-4149-B6BA-1E76DCF6553E}.AppStore|iPhoneSimulator.Build.0 = Release|Any CPU
		{AC9EF88F-4007-4149-B6BA-1E76DCF6553E}.Debug|Any CPU.ActiveCfg = Debug|Any CPU
		{AC9EF88F-4007-4149-B6BA-1E76DCF6553E}.Debug|Any CPU.Build.0 = Debug|Any CPU
		{AC9EF88F-4007-4149-B6BA-1E76DCF6553E}.Debug|iPhone.ActiveCfg = Debug|Any CPU
		{AC9EF88F-4007-4149-B6BA-1E76DCF6553E}.Debug|iPhone.Build.0 = Debug|Any CPU
		{AC9EF88F-4007-4149-B6BA-1E76DCF6553E}.Debug|iPhoneSimulator.ActiveCfg = Debug|Any CPU
		{AC9EF88F-4007-4149-B6BA-1E76DCF6553E}.Debug|iPhoneSimulator.Build.0 = Debug|Any CPU
		{AC9EF88F-4007-4149-B6BA-1E76DCF6553E}.Release|Any CPU.ActiveCfg = Release|Any CPU
		{AC9EF88F-4007-4149-B6BA-1E76DCF6553E}.Release|Any CPU.Build.0 = Release|Any CPU
		{AC9EF88F-4007-4149-B6BA-1E76DCF6553E}.Release|iPhone.ActiveCfg = Release|Any CPU
		{AC9EF88F-4007-4149-B6BA-1E76DCF6553E}.Release|iPhone.Build.0 = Release|Any CPU
		{AC9EF88F-4007-4149-B6BA-1E76DCF6553E}.Release|iPhoneSimulator.ActiveCfg = Release|Any CPU
		{AC9EF88F-4007-4149-B6BA-1E76DCF6553E}.Release|iPhoneSimulator.Build.0 = Release|Any CPU
	EndGlobalSection
	GlobalSection(SolutionProperties) = preSolution
		HideSolutionNode = FALSE
	EndGlobalSection
	GlobalSection(TeamFoundationVersionControl) = preSolution
		SccNumberOfProjects = 4
		SccEnterpriseProvider = {4CA58AB2-18FA-4F8D-95D4-32DDF27D184C}
		SccTeamFoundationServer = https://chandrikabajoria.visualstudio.com/
		SccLocalPath0 = .
		SccProjectUniqueName1 = ByMe\\ByMe.Droid\\ByMe.Droid.csproj
		SccProjectName1 = ByMe/ByMe.Droid
		SccLocalPath1 = ByMe\\ByMe.Droid
		SccProjectUniqueName2 = ByMe\\ByMe.iOS\\ByMe.iOS.csproj
		SccProjectName2 = ByMe/ByMe.iOS
		SccLocalPath2 = ByMe\\ByMe.iOS
		SccProjectUniqueName3 = ByMe\\ByMe\\ByMe.csproj
		SccProjectName3 = ByMe/ByMe
		SccLocalPath3 = ByMe\\ByMe
	EndGlobalSection
EndGlobal
